
Microsoft Visual Studio Solution File, Format Version 12.00
# Visual Studio Version 17
VisualStudioVersion = 17.14.36221.1 d17.14
MinimumVisualStudioVersion = 10.0.40219.1
Project("{FAE04EC0-301F-11D3-BF4B-00C04F79EFBC}") = "ShiftSchedularApplication", "ShiftSchedularApplication\ShiftSchedularApplication.csproj", "{ECA78BC9-4EBB-42D2-A005-DCAF57447C06}"
EndProject
Global
	GlobalSection(SolutionConfigurationPlatforms) = preSolution
		Debug|Any CPU = Debug|Any CPU
		Release|Any CPU = Release|Any CPU
	EndGlobalSection
	GlobalSection(ProjectConfigurationPlatforms) = postSolution
		{ECA78BC9-4EBB-42D2-A005-DCAF57447C06}.Debug|Any CPU.ActiveCfg = Debug|Any CPU
		{ECA78BC9-4EBB-42D2-A005-DCAF57447C06}.Debug|Any CPU.Build.0 = Debug|Any CPU
		{ECA78BC9-4EBB-42D2-A005-DCAF57447C06}.Release|Any CPU.ActiveCfg = Release|Any CPU
		{ECA78BC9-4EBB-42D2-A005-DCAF57447C06}.Release|Any CPU.Build.0 = Release|Any CPU
	EndGlobalSection
	GlobalSection(SolutionProperties) = preSolution
		HideSolutionNode = FALSE
	EndGlobalSection
	GlobalSection(ExtensibilityGlobals) = postSolution
		SolutionGuid = {4047E9C9-65EC-4DF4-9C76-1C734145D816}
	EndGlobalSection
EndGlobal
